lockfileVersion: '6.0'

settings:
  autoInstallPeers: true
  excludeLinksFromLockfile: false

dependencies:
  '@preact/signals-core':
    specifier: ^1.6.0
    version: 1.6.0
  '@react-three/a11y':
    specifier: ^3.0.0
    version: 3.0.0(@react-three/fiber@8.16.1)(react-dom@18.2.0)(react@18.2.0)(three@0.163.0)
  '@react-three/drei':
    specifier: ^9.105.1
    version: 9.105.1(@react-three/fiber@8.16.1)(@types/react@18.2.74)(@types/three@0.163.0)(react-dom@18.2.0)(react@18.2.0)(three@0.163.0)
  '@react-three/fiber':
    specifier: ^8.16.1
    version: 8.16.1(react-dom@18.2.0)(react@18.2.0)(three@0.163.0)
  '@react-three/uikit':
    specifier: ^0.2.6
    version: 0.2.6(@react-three/fiber@8.16.1)(react@18.2.0)(three@0.163.0)
  '@react-three/uikit-lucide':
    specifier: ^0.2.6
    version: 0.2.6(@react-three/fiber@8.16.1)(react@18.2.0)(three@0.163.0)
  next:
    specifier: 14.1.4
    version: 14.1.4(react-dom@18.2.0)(react@18.2.0)
  react:
    specifier: ^18
    version: 18.2.0
  react-dom:
    specifier: ^18
    version: 18.2.0(react@18.2.0)
  three:
    specifier: ^0.163.0
    version: 0.163.0
  uuid:
    specifier: ^9.0.1
    version: 9.0.1

devDependencies:
  '@biomejs/biome':
    specifier: ^1.6.4
    version: 1.6.4
  '@types/node':
    specifier: ^20
    version: 20.12.4
  '@types/react':
    specifier: ^18
    version: 18.2.74
  '@types/react-dom':
    specifier: ^18
    version: 18.2.24
  '@types/three':
    specifier: ^0.163.0
    version: 0.163.0
  '@types/uuid':
    specifier: ^9.0.8
    version: 9.0.8
  typescript:
    specifier: ^5
    version: 5.4.4

packages:

  /@babel/runtime@7.24.4:
    resolution: {integrity: sha512-dkxf7+hn8mFBwKjs9bvBlArzLVxVbS8usaPUDd5p2a9JCL9tB8OaOVN1isD4+Xyk4ns89/xeOmbQvgdK7IIVdA==}
    engines: {node: '>=6.9.0'}
    dependencies:
      regenerator-runtime: 0.14.1
    dev: false

  /@biomejs/biome@1.6.4:
    resolution: {integrity: sha512-3groVd2oWsLC0ZU+XXgHSNbq31lUcOCBkCcA7sAQGBopHcmL+jmmdoWlY3S61zIh+f2mqQTQte1g6PZKb3JJjA==}
    engines: {node: '>=14.21.3'}
    hasBin: true
    requiresBuild: true
    optionalDependencies:
      '@biomejs/cli-darwin-arm64': 1.6.4
      '@biomejs/cli-darwin-x64': 1.6.4
      '@biomejs/cli-linux-arm64': 1.6.4
      '@biomejs/cli-linux-arm64-musl': 1.6.4
      '@biomejs/cli-linux-x64': 1.6.4
      '@biomejs/cli-linux-x64-musl': 1.6.4
      '@biomejs/cli-win32-arm64': 1.6.4
      '@biomejs/cli-win32-x64': 1.6.4
    dev: true

  /@biomejs/cli-darwin-arm64@1.6.4:
    resolution: {integrity: sha512-2WZef8byI9NRzGajGj5RTrroW9BxtfbP9etigW1QGAtwu/6+cLkdPOWRAs7uFtaxBNiKFYA8j/BxV5zeAo5QOQ==}
    engines: {node: '>=14.21.3'}
    cpu: [arm64]
    os: [darwin]
    requiresBuild: true
    dev: true
    optional: true

  /@biomejs/cli-darwin-x64@1.6.4:
    resolution: {integrity: sha512-uo1zgM7jvzcoDpF6dbGizejDLCqNpUIRkCj/oEK0PB0NUw8re/cn1EnxuOLZqDpn+8G75COLQTOx8UQIBBN/Kg==}
    engines: {node: '>=14.21.3'}
    cpu: [x64]
    os: [darwin]
    requiresBuild: true
    dev: true
    optional: true

  /@biomejs/cli-linux-arm64-musl@1.6.4:
    resolution: {integrity: sha512-Hp8Jwt6rjj0wCcYAEN6/cfwrrPLLlGOXZ56Lei4Pt4jy39+UuPeAVFPeclrrCfxyL1wQ2xPrhd/saTHSL6DoJg==}
    engines: {node: '>=14.21.3'}
    cpu: [arm64]
    os: [linux]
    requiresBuild: true
    dev: true
    optional: true

  /@biomejs/cli-linux-arm64@1.6.4:
    resolution: {integrity: sha512-wAOieaMNIpLrxGc2/xNvM//CIZg7ueWy3V5A4T7gDZ3OL/Go27EKE59a+vMKsBCYmTt7jFl4yHz0TUkUbodA/w==}
    engines: {node: '>=14.21.3'}
    cpu: [arm64]
    os: [linux]
    requiresBuild: true
    dev: true
    optional: true

  /@biomejs/cli-linux-x64-musl@1.6.4:
    resolution: {integrity: sha512-wqi0hr8KAx5kBO0B+m5u8QqiYFFBJOSJVSuRqTeGWW+GYLVUtXNidykNqf1JsW6jJDpbkSp2xHKE/bTlVaG2Kg==}
    engines: {node: '>=14.21.3'}
    cpu: [x64]
    os: [linux]
    requiresBuild: true
    dev: true
    optional: true

  /@biomejs/cli-linux-x64@1.6.4:
    resolution: {integrity: sha512-qTWhuIw+/ePvOkjE9Zxf5OqSCYxtAvcTJtVmZT8YQnmY2I62JKNV2m7tf6O5ViKZUOP0mOQ6NgqHKcHH1eT8jw==}
    engines: {node: '>=14.21.3'}
    cpu: [x64]
    os: [linux]
    requiresBuild: true
    dev: true
    optional: true

  /@biomejs/cli-win32-arm64@1.6.4:
    resolution: {integrity: sha512-Wp3FiEeF6v6C5qMfLkHwf4YsoNHr/n0efvoC8jCKO/kX05OXaVExj+1uVQ1eGT7Pvx0XVm/TLprRO0vq/V6UzA==}
    engines: {node: '>=14.21.3'}
    cpu: [arm64]
    os: [win32]
    requiresBuild: true
    dev: true
    optional: true

  /@biomejs/cli-win32-x64@1.6.4:
    resolution: {integrity: sha512-mz183Di5hTSGP7KjNWEhivcP1wnHLGmOxEROvoFsIxMYtDhzJDad4k5gI/1JbmA0xe4n52vsgqo09tBhrMT/Zg==}
    engines: {node: '>=14.21.3'}
    cpu: [x64]
    os: [win32]
    requiresBuild: true
    dev: true
    optional: true

  /@mediapipe/tasks-vision@0.10.8:
    resolution: {integrity: sha512-Rp7ll8BHrKB3wXaRFKhrltwZl1CiXGdibPxuWXvqGnKTnv8fqa/nvftYNuSbf+pbJWKYCXdBtYTITdAUTGGh0Q==}
    dev: false

  /@monogrid/gainmap-js@3.0.5(three@0.163.0):
    resolution: {integrity: sha512-53sCTG4FaJBaAq/tcufARtVYDMDGqyBT9i7F453pWGhZ5LqubDHDWtYoHo9VhQqMcHTEexdJqSsR58y+9HVmQA==}
    peerDependencies:
      three: '>= 0.159.0'
    dependencies:
      promise-worker-transferable: 1.0.4
      three: 0.163.0
    dev: false

  /@next/env@14.1.4:
    resolution: {integrity: sha512-e7X7bbn3Z6DWnDi75UWn+REgAbLEqxI8Tq2pkFOFAMpWAWApz/YCUhtWMWn410h8Q2fYiYL7Yg5OlxMOCfFjJQ==}
    dev: false

  /@next/swc-darwin-arm64@14.1.4:
    resolution: {integrity: sha512-ubmUkbmW65nIAOmoxT1IROZdmmJMmdYvXIe8211send9ZYJu+SqxSnJM4TrPj9wmL6g9Atvj0S/2cFmMSS99jg==}
    engines: {node: '>= 10'}
    cpu: [arm64]
    os: [darwin]
    requiresBuild: true
    dev: false
    optional: true

  /@next/swc-darwin-x64@14.1.4:
    resolution: {integrity: sha512-b0Xo1ELj3u7IkZWAKcJPJEhBop117U78l70nfoQGo4xUSvv0PJSTaV4U9xQBLvZlnjsYkc8RwQN1HoH/oQmLlQ==}
    engines: {node: '>= 10'}
    cpu: [x64]
    os: [darwin]
    requiresBuild: true
    dev: false
    optional: true

  /@next/swc-linux-arm64-gnu@14.1.4:
    resolution: {integrity: sha512-457G0hcLrdYA/u1O2XkRMsDKId5VKe3uKPvrKVOyuARa6nXrdhJOOYU9hkKKyQTMru1B8qEP78IAhf/1XnVqKA==}
    engines: {node: '>= 10'}
    cpu: [arm64]
    os: [linux]
    requiresBuild: true
    dev: false
    optional: true

  /@next/swc-linux-arm64-musl@14.1.4:
    resolution: {integrity: sha512-l/kMG+z6MB+fKA9KdtyprkTQ1ihlJcBh66cf0HvqGP+rXBbOXX0dpJatjZbHeunvEHoBBS69GYQG5ry78JMy3g==}
    engines: {node: '>= 10'}
    cpu: [arm64]
    os: [linux]
    requiresBuild: true
    dev: false
    optional: true

  /@next/swc-linux-x64-gnu@14.1.4:
    resolution: {integrity: sha512-BapIFZ3ZRnvQ1uWbmqEGJuPT9cgLwvKtxhK/L2t4QYO7l+/DxXuIGjvp1x8rvfa/x1FFSsipERZK70pewbtJtw==}
    engines: {node: '>= 10'}
    cpu: [x64]
    os: [linux]
    requiresBuild: true
    dev: false
    optional: true

  /@next/swc-linux-x64-musl@14.1.4:
    resolution: {integrity: sha512-mqVxTwk4XuBl49qn2A5UmzFImoL1iLm0KQQwtdRJRKl21ylQwwGCxJtIYo2rbfkZHoSKlh/YgztY0qH3wG1xIg==}
    engines: {node: '>= 10'}
    cpu: [x64]
    os: [linux]
    requiresBuild: true
    dev: false
    optional: true

  /@next/swc-win32-arm64-msvc@14.1.4:
    resolution: {integrity: sha512-xzxF4ErcumXjO2Pvg/wVGrtr9QQJLk3IyQX1ddAC/fi6/5jZCZ9xpuL9Tzc4KPWMFq8GGWFVDMshZOdHGdkvag==}
    engines: {node: '>= 10'}
    cpu: [arm64]
    os: [win32]
    requiresBuild: true
    dev: false
    optional: true

  /@next/swc-win32-ia32-msvc@14.1.4:
    resolution: {integrity: sha512-WZiz8OdbkpRw6/IU/lredZWKKZopUMhcI2F+XiMAcPja0uZYdMTZQRoQ0WZcvinn9xZAidimE7tN9W5v9Yyfyw==}
    engines: {node: '>= 10'}
    cpu: [ia32]
    os: [win32]
    requiresBuild: true
    dev: false
    optional: true

  /@next/swc-win32-x64-msvc@14.1.4:
    resolution: {integrity: sha512-4Rto21sPfw555sZ/XNLqfxDUNeLhNYGO2dlPqsnuCg8N8a2a9u1ltqBOPQ4vj1Gf7eJC0W2hHG2eYUHuiXgY2w==}
    engines: {node: '>= 10'}
    cpu: [x64]
    os: [win32]
    requiresBuild: true
    dev: false
    optional: true

  /@preact/signals-core@1.6.0:
    resolution: {integrity: sha512-O/XGxwP85h1F7+ouqTMOIZ3+V1whfaV9ToIVcuyGriD4JkSD00cQo54BKdqjvBJxbenvp7ynfqRHEwI6e+NIhw==}
    dev: false

  /@react-spring/animated@9.6.1(react@18.2.0):
    resolution: {integrity: sha512-ls/rJBrAqiAYozjLo5EPPLLOb1LM0lNVQcXODTC1SMtS6DbuBCPaKco5svFUQFMP2dso3O+qcC4k9FsKc0KxMQ==}
    peerDependencies:
      react: ^16.8.0 || ^17.0.0 || ^18.0.0
    dependencies:
      '@react-spring/shared': 9.6.1(react@18.2.0)
      '@react-spring/types': 9.6.1
      react: 18.2.0
    dev: false

  /@react-spring/core@9.6.1(react@18.2.0):
    resolution: {integrity: sha512-3HAAinAyCPessyQNNXe5W0OHzRfa8Yo5P748paPcmMowZ/4sMfaZ2ZB6e5x5khQI8NusOHj8nquoutd6FRY5WQ==}
    peerDependencies:
      react: ^16.8.0 || ^17.0.0 || ^18.0.0
    dependencies:
      '@react-spring/animated': 9.6.1(react@18.2.0)
      '@react-spring/rafz': 9.6.1
      '@react-spring/shared': 9.6.1(react@18.2.0)
      '@react-spring/types': 9.6.1
      react: 18.2.0
    dev: false

  /@react-spring/rafz@9.6.1:
    resolution: {integrity: sha512-v6qbgNRpztJFFfSE3e2W1Uz+g8KnIBs6SmzCzcVVF61GdGfGOuBrbjIcp+nUz301awVmREKi4eMQb2Ab2gGgyQ==}
    dev: false

  /@react-spring/shared@9.6.1(react@18.2.0):
    resolution: {integrity: sha512-PBFBXabxFEuF8enNLkVqMC9h5uLRBo6GQhRMQT/nRTnemVENimgRd+0ZT4yFnAQ0AxWNiJfX3qux+bW2LbG6Bw==}
    peerDependencies:
      react: ^16.8.0 || ^17.0.0 || ^18.0.0
    dependencies:
      '@react-spring/rafz': 9.6.1
      '@react-spring/types': 9.6.1
      react: 18.2.0
    dev: false

  /@react-spring/three@9.6.1(@react-three/fiber@8.16.1)(react@18.2.0)(three@0.163.0):
    resolution: {integrity: sha512-Tyw2YhZPKJAX3t2FcqvpLRb71CyTe1GvT3V+i+xJzfALgpk10uPGdGaQQ5Xrzmok1340DAeg2pR/MCfaW7b8AA==}
    peerDependencies:
      '@react-three/fiber': '>=6.0'
      react: ^16.8.0 || ^17.0.0 || ^18.0.0
      three: '>=0.126'
    dependencies:
      '@react-spring/animated': 9.6.1(react@18.2.0)
      '@react-spring/core': 9.6.1(react@18.2.0)
      '@react-spring/shared': 9.6.1(react@18.2.0)
      '@react-spring/types': 9.6.1
      '@react-three/fiber': 8.16.1(react-dom@18.2.0)(react@18.2.0)(three@0.163.0)
      react: 18.2.0
      three: 0.163.0
    dev: false

  /@react-spring/types@9.6.1:
    resolution: {integrity: sha512-POu8Mk0hIU3lRXB3bGIGe4VHIwwDsQyoD1F394OK7STTiX9w4dG3cTLljjYswkQN+hDSHRrj4O36kuVa7KPU8Q==}
    dev: false

  /@react-three/a11y@3.0.0(@react-three/fiber@8.16.1)(react-dom@18.2.0)(react@18.2.0)(three@0.163.0):
    resolution: {integrity: sha512-lnKIK8oPQBDWdzVMKm4kNi7W8RoGE7s5sHbw7Wz++MhyXih5L4aLyNkWedCn9v/PjRl2x3zIbzzZIWqoabwkJA==}
    engines: {node: '>=10'}
    peerDependencies:
      '@react-three/fiber': '>=8.0'
      react: '>=18.0'
      react-dom: '>=18.0'
      three: '>=0.133.0'
    dependencies:
      '@react-three/fiber': 8.16.1(react-dom@18.2.0)(react@18.2.0)(three@0.163.0)
      react: 18.2.0
      react-dom: 18.2.0(react@18.2.0)
      three: 0.163.0
      utility-types: 3.11.0
      zustand: 3.7.2(react@18.2.0)
    dev: false

  /@react-three/drei@9.105.1(@react-three/fiber@8.16.1)(@types/react@18.2.74)(@types/three@0.163.0)(react-dom@18.2.0)(react@18.2.0)(three@0.163.0):
    resolution: {integrity: sha512-yDplhbP8MOGIJmYpBqSzgQ1oZ2e3J6172Q95M69PT37jLcpTQKrVDAlMktoGdAlqSV+924XVr75ZYaHDP0Zhfw==}
    peerDependencies:
      '@react-three/fiber': '>=8.0'
      react: '>=18.0'
      react-dom: '>=18.0'
      three: '>=0.137'
    peerDependenciesMeta:
      react-dom:
        optional: true
    dependencies:
      '@babel/runtime': 7.24.4
      '@mediapipe/tasks-vision': 0.10.8
      '@monogrid/gainmap-js': 3.0.5(three@0.163.0)
      '@react-spring/three': 9.6.1(@react-three/fiber@8.16.1)(react@18.2.0)(three@0.163.0)
      '@react-three/fiber': 8.16.1(react-dom@18.2.0)(react@18.2.0)(three@0.163.0)
      '@use-gesture/react': 10.3.1(react@18.2.0)
      camera-controls: 2.8.3(three@0.163.0)
      cross-env: 7.0.3
      detect-gpu: 5.0.38
      glsl-noise: 0.0.0
      hls.js: 1.3.5
      maath: 0.10.7(@types/three@0.163.0)(three@0.163.0)
      meshline: 3.3.0(three@0.163.0)
      react: 18.2.0
      react-composer: 5.0.3(react@18.2.0)
      react-dom: 18.2.0(react@18.2.0)
      stats-gl: 2.2.8
      stats.js: 0.17.0
      suspend-react: 0.1.3(react@18.2.0)
      three: 0.163.0
      three-mesh-bvh: 0.7.3(three@0.163.0)
      three-stdlib: 2.29.6(three@0.163.0)
      troika-three-text: 0.49.0(three@0.163.0)
      tunnel-rat: 0.1.2(@types/react@18.2.74)(react@18.2.0)
      utility-types: 3.11.0
      uuid: 9.0.1
      zustand: 3.7.2(react@18.2.0)
    transitivePeerDependencies:
      - '@types/react'
      - '@types/three'
      - immer
    dev: false

  /@react-three/fiber@8.16.1(react-dom@18.2.0)(react@18.2.0)(three@0.163.0):
    resolution: {integrity: sha512-Rgjn+xcR+6Do2Ic4b6RROIvCGs3RhoVJEamfmtMSfkgIRH3PeiPdqRxcfJlO9y6KDvYA5fIUGruz9h/sTeLlpw==}
    peerDependencies:
      expo: '>=43.0'
      expo-asset: '>=8.4'
      expo-file-system: '>=11.0'
      expo-gl: '>=11.0'
      react: '>=18.0'
      react-dom: '>=18.0'
      react-native: '>=0.64'
      three: '>=0.133'
    peerDependenciesMeta:
      expo:
        optional: true
      expo-asset:
        optional: true
      expo-file-system:
        optional: true
      expo-gl:
        optional: true
      react-dom:
        optional: true
      react-native:
        optional: true
    dependencies:
      '@babel/runtime': 7.24.4
      '@types/react-reconciler': 0.26.7
      '@types/webxr': 0.5.15
      base64-js: 1.5.1
      buffer: 6.0.3
      its-fine: 1.1.3(react@18.2.0)
      react: 18.2.0
      react-dom: 18.2.0(react@18.2.0)
      react-reconciler: 0.27.0(react@18.2.0)
      react-use-measure: 2.1.1(react-dom@18.2.0)(react@18.2.0)
      scheduler: 0.21.0
      suspend-react: 0.1.3(react@18.2.0)
      three: 0.163.0
      zustand: 3.7.2(react@18.2.0)
    dev: false

  /@react-three/uikit-lucide@0.2.6(@react-three/fiber@8.16.1)(react@18.2.0)(three@0.163.0):
    resolution: {integrity: sha512-4pfdN/pZp3ZcAgWoxQPxZfCtgpf6WPTGOAVIsHmaxDJeDT7/RKHJ0DxS3VCodrpVfJx4hF0cnzWGhKmz/MDjzg==}
    dependencies:
      '@react-three/uikit': 0.2.6(@react-three/fiber@8.16.1)(react@18.2.0)(three@0.163.0)
    transitivePeerDependencies:
      - '@react-three/fiber'
      - react
      - three
    dev: false

  /@react-three/uikit@0.2.6(@react-three/fiber@8.16.1)(react@18.2.0)(three@0.163.0):
    resolution: {integrity: sha512-itp97pepKO0fg5QzIFQ7+QEHu8njuEAdt4Y0Y2zz3NWCElspmdJ88vctXY2QyRNkWex8O05YjLmA3z63+4HBZA==}
    hasBin: true
    peerDependencies:
      '@react-three/fiber': '>=8'
      react: '>=18'
      three: '>=0.160'
    dependencies:
      '@preact/signals-core': 1.6.0
      '@react-three/fiber': 8.16.1(react-dom@18.2.0)(react@18.2.0)(three@0.163.0)
      chalk: 5.3.0
      commander: 12.0.0
      ora: 8.0.1
      prompts: 2.4.2
      react: 18.2.0
      three: 0.163.0
      yoga-layout: 3.0.2
      zod: 3.22.4
    dev: false

  /@swc/helpers@0.5.2:
    resolution: {integrity: sha512-E4KcWTpoLHqwPHLxidpOqQbcrZVgi0rsmmZXUle1jXmJfuIf/UWpczUJ7MZZ5tlxytgJXyp0w4PGkkeLiuIdZw==}
    dependencies:
      tslib: 2.6.2
    dev: false

  /@tweenjs/tween.js@23.1.1:
    resolution: {integrity: sha512-ZpboH7pCPPeyBWKf8c7TJswtCEQObFo3bOBYalm99NzZarATALYCo5OhbCa/n4RQyJyHfhkdx+hNrdL5ByFYDw==}

  /@types/draco3d@1.4.9:
    resolution: {integrity: sha512-4MMUjMQb4yA5fJ4osXx+QxGHt0/ZSy4spT6jL1HM7Tn8OJEC35siqdnpOo+HxPhYjqEFumKfGVF9hJfdyKBIBA==}
    dev: false

  /@types/node@20.12.4:
    resolution: {integrity: sha512-E+Fa9z3wSQpzgYQdYmme5X3OTuejnnTx88A6p6vkkJosR3KBz+HpE3kqNm98VE6cfLFcISx7zW7MsJkH6KwbTw==}
    dependencies:
      undici-types: 5.26.5
    dev: true

  /@types/offscreencanvas@2019.7.3:
    resolution: {integrity: sha512-ieXiYmgSRXUDeOntE1InxjWyvEelZGP63M+cGuquuRLuIKKT1osnkXjxev9B7d1nXSug5vpunx+gNlbVxMlC9A==}
    dev: false

  /@types/prop-types@15.7.12:
    resolution: {integrity: sha512-5zvhXYtRNRluoE/jAp4GVsSduVUzNWKkOZrCDBWYtE7biZywwdC2AcEzg+cSMLFRfVgeAFqpfNabiPjxFddV1Q==}

  /@types/react-dom@18.2.24:
    resolution: {integrity: sha512-cN6upcKd8zkGy4HU9F1+/s98Hrp6D4MOcippK4PoE8OZRngohHZpbJn1GsaDLz87MqvHNoT13nHvNqM9ocRHZg==}
    dependencies:
      '@types/react': 18.2.74
    dev: true

  /@types/react-reconciler@0.26.7:
    resolution: {integrity: sha512-mBDYl8x+oyPX/VBb3E638N0B7xG+SPk/EAMcVPeexqus/5aTpTphQi0curhhshOqRrc9t6OPoJfEUkbymse/lQ==}
    dependencies:
      '@types/react': 18.2.74
    dev: false

  /@types/react-reconciler@0.28.8:
    resolution: {integrity: sha512-SN9c4kxXZonFhbX4hJrZy37yw9e7EIxcpHCxQv5JUS18wDE5ovkQKlqQEkufdJCCMfuI9BnjUJvhYeJ9x5Ra7g==}
    dependencies:
      '@types/react': 18.2.74
    dev: false

  /@types/react@18.2.74:
    resolution: {integrity: sha512-9AEqNZZyBx8OdZpxzQlaFEVCSFUM2YXJH46yPOiOpm078k6ZLOCcuAzGum/zK8YBwY+dbahVNbHrbgrAwIRlqw==}
    dependencies:
      '@types/prop-types': 15.7.12
      csstype: 3.1.3

  /@types/stats.js@0.17.3:
    resolution: {integrity: sha512-pXNfAD3KHOdif9EQXZ9deK82HVNaXP5ZIF5RP2QG6OQFNTaY2YIetfrE9t528vEreGQvEPRDDc8muaoYeK0SxQ==}

  /@types/three@0.163.0:
    resolution: {integrity: sha512-uIdDhsXRpQiBUkflBS/i1l3JX14fW6Ot9csed60nfbZNXHDTRsnV2xnTVwXcgbvTiboAR4IW+t+lTL5f1rqIqA==}
    dependencies:
      '@tweenjs/tween.js': 23.1.1
      '@types/stats.js': 0.17.3
      '@types/webxr': 0.5.15
      fflate: 0.8.2
      meshoptimizer: 0.18.1

  /@types/uuid@9.0.8:
    resolution: {integrity: sha512-jg+97EGIcY9AGHJJRaaPVgetKDsrTgbRjQ5Msgjh/DQKEFl0DtyRr/VCOyD1T2R1MNeWPK/u7JoGhlDZnKBAfA==}
    dev: true

  /@types/webxr@0.5.15:
    resolution: {integrity: sha512-nC9116Gd4N+CqTxqo6gvCfhAMAzgRcfS8ZsciNodHq8uwW4JCVKwhagw8yN0XmC7mHrLnWqniJpoVEiR+72Drw==}

  /@use-gesture/core@10.3.1:
    resolution: {integrity: sha512-WcINiDt8WjqBdUXye25anHiNxPc0VOrlT8F6LLkU6cycrOGUDyY/yyFmsg3k8i5OLvv25llc0QC45GhR/C8llw==}
    dev: false

  /@use-gesture/react@10.3.1(react@18.2.0):
    resolution: {integrity: sha512-Yy19y6O2GJq8f7CHf7L0nxL8bf4PZCPaVOCgJrusOeFHY1LvHgYXnmnXg6N5iwAnbgbZCDjo60SiM6IPJi9C5g==}
    peerDependencies:
      react: '>= 16.8.0'
    dependencies:
      '@use-gesture/core': 10.3.1
      react: 18.2.0
    dev: false

  /ansi-regex@6.0.1:
    resolution: {integrity: sha512-n5M855fKb2SsfMIiFFoVrABHJC8QtHwVx+mHWP3QcEqBHYienj5dHSgjbxtC0WEZXYt4wcD6zrQElDPhFuZgfA==}
    engines: {node: '>=12'}
    dev: false

  /base64-js@1.5.1:
    resolution: {integrity: sha512-AKpaYlHn8t4SVbOHCy+b5+KKgvR4vrsD8vbvrbiQJps7fKDTkjkDry6ji0rUJjC0kzbNePLwzxq8iypo41qeWA==}
    dev: false

  /bidi-js@1.0.3:
    resolution: {integrity: sha512-RKshQI1R3YQ+n9YJz2QQ147P66ELpa1FQEg20Dk8oW9t2KgLbpDLLp9aGZ7y8WHSshDknG0bknqGw5/tyCs5tw==}
    dependencies:
      require-from-string: 2.0.2
    dev: false

  /buffer@6.0.3:
    resolution: {integrity: sha512-FTiCpNxtwiZZHEZbcbTIcZjERVICn9yq/pDFkTl95/AxzD1naBctN7YO68riM/gLSDY7sdrMby8hofADYuuqOA==}
    dependencies:
      base64-js: 1.5.1
      ieee754: 1.2.1
    dev: false

  /busboy@1.6.0:
    resolution: {integrity: sha512-8SFQbg/0hQ9xy3UNTB0YEnsNBbWfhf7RtnzpL7TkBiTBRfrQ9Fxcnz7VJsleJpyp6rVLvXiuORqjlHi5q+PYuA==}
    engines: {node: '>=10.16.0'}
    dependencies:
      streamsearch: 1.1.0
    dev: false

  /camera-controls@2.8.3(three@0.163.0):
    resolution: {integrity: sha512-zFjqUR6onLkG+z1A6vAWfzovxZxWVSvp6e5t3lfZgfgPZtX3n74aykNAUaoRbq8Y3tOxadHkDjbfGDOP9hFf2w==}
    peerDependencies:
      three: '>=0.126.1'
    dependencies:
      three: 0.163.0
    dev: false

  /caniuse-lite@1.0.30001605:
    resolution: {integrity: sha512-nXwGlFWo34uliI9z3n6Qc0wZaf7zaZWA1CPZ169La5mV3I/gem7bst0vr5XQH5TJXZIMfDeZyOrZnSlVzKxxHQ==}
    dev: false

  /chalk@5.3.0:
    resolution: {integrity: sha512-dLitG79d+GV1Nb/VYcCDFivJeK1hiukt9QjRNVOsUtTy1rR1YJsmpGGTZ3qJos+uw7WmWF4wUwBd9jxjocFC2w==}
    engines: {node: ^12.17.0 || ^14.13 || >=16.0.0}
    dev: false

  /cli-cursor@4.0.0:
    resolution: {integrity: sha512-VGtlMu3x/4DOtIUwEkRezxUZ2lBacNJCHash0N0WeZDBS+7Ux1dm3XWAgWYxLJFMMdOeXMHXorshEFhbMSGelg==}
    engines: {node: ^12.20.0 || ^14.13.1 || >=16.0.0}
    dependencies:
      restore-cursor: 4.0.0
    dev: false

  /cli-spinners@2.9.2:
    resolution: {integrity: sha512-ywqV+5MmyL4E7ybXgKys4DugZbX0FC6LnwrhjuykIjnK9k8OQacQ7axGKnjDXWNhns0xot3bZI5h55H8yo9cJg==}
    engines: {node: '>=6'}
    dev: false

  /client-only@0.0.1:
    resolution: {integrity: sha512-IV3Ou0jSMzZrd3pZ48nLkT9DA7Ag1pnPzaiQhpW7c3RbcqqzvzzVu+L8gfqMp/8IM2MQtSiqaCxrrcfu8I8rMA==}
    dev: false

  /commander@12.0.0:
    resolution: {integrity: sha512-MwVNWlYjDTtOjX5PiD7o5pK0UrFU/OYgcJfjjK4RaHZETNtjJqrZa9Y9ds88+A+f+d5lv+561eZ+yCKoS3gbAA==}
    engines: {node: '>=18'}
    dev: false

  /cross-env@7.0.3:
    resolution: {integrity: sha512-+/HKd6EgcQCJGh2PSjZuUitQBQynKor4wrFbRg4DtAgS1aWO+gU52xpH7M9ScGgXSYmAVS9bIJ8EzuaGw0oNAw==}
    engines: {node: '>=10.14', npm: '>=6', yarn: '>=1'}
    hasBin: true
    dependencies:
      cross-spawn: 7.0.3
    dev: false

  /cross-spawn@7.0.3:
    resolution: {integrity: sha512-iRDPJKUPVEND7dHPO8rkbOnPpyDygcDFtWjpeWNCgy8WP2rXcxXL8TskReQl6OrB2G7+UJrags1q15Fudc7G6w==}
    engines: {node: '>= 8'}
    dependencies:
      path-key: 3.1.1
      shebang-command: 2.0.0
      which: 2.0.2
    dev: false

  /csstype@3.1.3:
    resolution: {integrity: sha512-M1uQkMl8rQK/szD0LNhtqxIPLpimGm8sOBwU7lLnCpSbTyY3yeU1Vc7l4KT5zT4s/yOxHH5O7tIuuLOCnLADRw==}

  /debounce@1.2.1:
    resolution: {integrity: sha512-XRRe6Glud4rd/ZGQfiV1ruXSfbvfJedlV9Y6zOlP+2K04vBYiJEte6stfFkCP03aMnY5tsipamumUjL14fofug==}
    dev: false

  /detect-gpu@5.0.38:
    resolution: {integrity: sha512-36QeGHSXYcJ/RfrnPEScR8GDprbXFG4ZhXsfVNVHztZr38+fRxgHnJl3CjYXXjbeRUhu3ZZBJh6Lg0A9v0Qd8A==}
    dependencies:
      webgl-constants: 1.1.1
    dev: false

  /draco3d@1.5.7:
    resolution: {integrity: sha512-m6WCKt/erDXcw+70IJXnG7M3awwQPAsZvJGX5zY7beBqpELw6RDGkYVU0W43AFxye4pDZ5i2Lbyc/NNGqwjUVQ==}
    dev: false

  /emoji-regex@10.3.0:
    resolution: {integrity: sha512-QpLs9D9v9kArv4lfDEgg1X/gN5XLnf/A6l9cs8SPZLRZR3ZkY9+kwIQTxm+fsSej5UMYGE8fdoaZVIBlqG0XTw==}
    dev: false

  /fflate@0.6.10:
    resolution: {integrity: sha512-IQrh3lEPM93wVCEczc9SaAOvkmcoQn/G8Bo1e8ZPlY3X3bnAxWaBdvTdvM1hP62iZp0BXWDy4vTAy4fF0+Dlpg==}
    dev: false

  /fflate@0.8.2:
    resolution: {integrity: sha512-cPJU47OaAoCbg0pBvzsgpTPhmhqI5eJjh/JIu8tPj5q+T7iLvW/JAYUqmE7KOB4R1ZyEhzBaIQpQpardBF5z8A==}

  /get-east-asian-width@1.2.0:
    resolution: {integrity: sha512-2nk+7SIVb14QrgXFHcm84tD4bKQz0RxPuMT8Ag5KPOq7J5fEmAg0UbXdTOSHqNuHSU28k55qnceesxXRZGzKWA==}
    engines: {node: '>=18'}
    dev: false

  /glsl-noise@0.0.0:
    resolution: {integrity: sha512-b/ZCF6amfAUb7dJM/MxRs7AetQEahYzJ8PtgfrmEdtw6uyGOr+ZSGtgjFm6mfsBkxJ4d2W7kg+Nlqzqvn3Bc0w==}
    dev: false

  /graceful-fs@4.2.11:
    resolution: {integrity: sha512-RbJ5/jmFcNNCcDV5o9eTnBLJ/HszWV0P73bc+Ff4nS/rJj+YaS6IGyiOL0VoBYX+l1Wrl3k63h/KrH+nhJ0XvQ==}
    dev: false

  /hls.js@1.3.5:
    resolution: {integrity: sha512-uybAvKS6uDe0MnWNEPnO0krWVr+8m2R0hJ/viql8H3MVK+itq8gGQuIYoFHL3rECkIpNH98Lw8YuuWMKZxp3Ew==}
    dev: false

  /ieee754@1.2.1:
    resolution: {integrity: sha512-dcyqhDvX1C46lXZcVqCpK+FtMRQVdIMN6/Df5js2zouUsqG7I6sFxitIC+7KYK29KdXOLHdu9zL4sFnoVQnqaA==}
    dev: false

  /immediate@3.0.6:
    resolution: {integrity: sha512-XXOFtyqDjNDAQxVfYxuF7g9Il/IbWmmlQg2MYKOH8ExIT1qg6xc4zyS3HaEEATgs1btfzxq15ciUiY7gjSXRGQ==}
    dev: false

  /is-interactive@2.0.0:
    resolution: {integrity: sha512-qP1vozQRI+BMOPcjFzrjXuQvdak2pHNUMZoeG2eRbiSqyvbEf/wQtEOTOX1guk6E3t36RkaqiSt8A/6YElNxLQ==}
    engines: {node: '>=12'}
    dev: false

  /is-promise@2.2.2:
    resolution: {integrity: sha512-+lP4/6lKUBfQjZ2pdxThZvLUAafmZb8OAxFb8XXtiQmS35INgr85hdOGoEs124ez1FCnZJt6jau/T+alh58QFQ==}
    dev: false

  /is-unicode-supported@1.3.0:
    resolution: {integrity: sha512-43r2mRvz+8JRIKnWJ+3j8JtjRKZ6GmjzfaE/qiBJnikNnYv/6bagRJ1kUhNk8R5EX/GkobD+r+sfxCPJsiKBLQ==}
    engines: {node: '>=12'}
    dev: false

  /is-unicode-supported@2.0.0:
    resolution: {integrity: sha512-FRdAyx5lusK1iHG0TWpVtk9+1i+GjrzRffhDg4ovQ7mcidMQ6mj+MhKPmvh7Xwyv5gIS06ns49CA7Sqg7lC22Q==}
    engines: {node: '>=18'}
    dev: false

  /isexe@2.0.0:
    resolution: {integrity: sha512-RHxMLp9lnKHGHRng9QFhRCMbYAcVpn69smSGcq3f36xjgVVWThj4qqLbTLlq7Ssj8B+fIQ1EuCEGI2lKsyQeIw==}
    dev: false

  /its-fine@1.1.3(react@18.2.0):
    resolution: {integrity: sha512-mncCA+yb6tuh5zK26cHqKlsSyxm4zdm4YgJpxycyx6p9fgxgK5PLu3iDVpKhzTn57Yrv3jk/r0aK0RFTT1OjFw==}
    peerDependencies:
      react: '>=18.0'
    dependencies:
      '@types/react-reconciler': 0.28.8
      react: 18.2.0
    dev: false

  /js-tokens@4.0.0:
    resolution: {integrity: sha512-RdJUflcE3cUzKiMqQgsCu06FPu9UdIJO0beYbPhHN4k6apgJtifcoCtT9bcxOpYBtpD2kCM6Sbzg4CausW/PKQ==}
    dev: false

  /kleur@3.0.3:
    resolution: {integrity: sha512-eTIzlVOSUR+JxdDFepEYcBMtZ9Qqdef+rnzWdRZuMbOywu5tO2w2N7rqjoANZ5k9vywhL6Br1VRjUIgTQx4E8w==}
    engines: {node: '>=6'}
    dev: false

  /lie@3.3.0:
    resolution: {integrity: sha512-UaiMJzeWRlEujzAuw5LokY1L5ecNQYZKfmyZ9L7wDHb/p5etKaxXhohBcrw0EYby+G/NA52vRSN4N39dxHAIwQ==}
    dependencies:
      immediate: 3.0.6
    dev: false

  /log-symbols@6.0.0:
    resolution: {integrity: sha512-i24m8rpwhmPIS4zscNzK6MSEhk0DUWa/8iYQWxhffV8jkI4Phvs3F+quL5xvS0gdQR0FyTCMMH33Y78dDTzzIw==}
    engines: {node: '>=18'}
    dependencies:
      chalk: 5.3.0
      is-unicode-supported: 1.3.0
    dev: false

  /loose-envify@1.4.0:
    resolution: {integrity: sha512-lyuxPGr/Wfhrlem2CL/UcnUc1zcqKAImBDzukY7Y5F/yQiNdko6+fRLevlw1HgMySw7f611UIY408EtxRSoK3Q==}
    hasBin: true
    dependencies:
      js-tokens: 4.0.0
    dev: false

  /maath@0.10.7(@types/three@0.163.0)(three@0.163.0):
    resolution: {integrity: sha512-zQ2xd7dNOIVTjAS+hj22fyj1EFYmOJX6tzKjZ92r6WDoq8hyFxjuGA2q950tmR4iC/EKXoMQdSipkaJVuUHDTg==}
    peerDependencies:
      '@types/three': '>=0.144.0'
      three: '>=0.144.0'
    dependencies:
      '@types/three': 0.163.0
      three: 0.163.0
    dev: false

  /meshline@3.3.0(three@0.163.0):
    resolution: {integrity: sha512-EKKf2TLnfyqUeA7ryWFKgT9HchTMATvECGZnMQjtlcyxK0sB8shVLVkemBUp9dB3tkDEmoqQDLJCPStjkH8D7A==}
    peerDependencies:
      three: '>=0.137'
    dependencies:
      three: 0.163.0
    dev: false

  /meshoptimizer@0.18.1:
    resolution: {integrity: sha512-ZhoIoL7TNV4s5B6+rx5mC//fw8/POGyNxS/DZyCJeiZ12ScLfVwRE/GfsxwiTkMYYD5DmK2/JXnEVXqL4rF+Sw==}

  /mimic-fn@2.1.0:
    resolution: {integrity: sha512-OqbOk5oEQeAZ8WXWydlu9HJjz9WVdEIvamMCcXmuqUYjTknH/sqsWvhQ3vgwKFRR1HpjvNBKQ37nbJgYzGqGcg==}
    engines: {node: '>=6'}
    dev: false

  /nanoid@3.3.7:
    resolution: {integrity: sha512-eSRppjcPIatRIMC1U6UngP8XFcz8MQWGQdt1MTBQ7NaAmvXDfvNxbvWV3x2y6CdEUciCSsDHDQZbhYaB8QEo2g==}
    engines: {node: ^10 || ^12 || ^13.7 || ^14 || >=15.0.1}
    hasBin: true
    dev: false

  /next@14.1.4(react-dom@18.2.0)(react@18.2.0):
    resolution: {integrity: sha512-1WTaXeSrUwlz/XcnhGTY7+8eiaFvdet5z9u3V2jb+Ek1vFo0VhHKSAIJvDWfQpttWjnyw14kBeq28TPq7bTeEQ==}
    engines: {node: '>=18.17.0'}
    hasBin: true
    peerDependencies:
      '@opentelemetry/api': ^1.1.0
      react: ^18.2.0
      react-dom: ^18.2.0
      sass: ^1.3.0
    peerDependenciesMeta:
      '@opentelemetry/api':
        optional: true
      sass:
        optional: true
    dependencies:
      '@next/env': 14.1.4
      '@swc/helpers': 0.5.2
      busboy: 1.6.0
      caniuse-lite: 1.0.30001605
      graceful-fs: 4.2.11
      postcss: 8.4.31
      react: 18.2.0
      react-dom: 18.2.0(react@18.2.0)
      styled-jsx: 5.1.1(react@18.2.0)
    optionalDependencies:
      '@next/swc-darwin-arm64': 14.1.4
      '@next/swc-darwin-x64': 14.1.4
      '@next/swc-linux-arm64-gnu': 14.1.4
      '@next/swc-linux-arm64-musl': 14.1.4
      '@next/swc-linux-x64-gnu': 14.1.4
      '@next/swc-linux-x64-musl': 14.1.4
      '@next/swc-win32-arm64-msvc': 14.1.4
      '@next/swc-win32-ia32-msvc': 14.1.4
      '@next/swc-win32-x64-msvc': 14.1.4
    transitivePeerDependencies:
      - '@babel/core'
      - babel-plugin-macros
    dev: false

  /object-assign@4.1.1:
    resolution: {integrity: sha512-rJgTQnkUnH1sFw8yT6VSU3zD3sWmu6sZhIseY8VX+GRu3P6F7Fu+JNDoXfklElbLJSnc3FUQHVe4cU5hj+BcUg==}
    engines: {node: '>=0.10.0'}
    dev: false

  /onetime@5.1.2:
    resolution: {integrity: sha512-kbpaSSGJTWdAY5KPVeMOKXSrPtr8C8C7wodJbcsd51jRnmD+GZu8Y0VoU6Dm5Z4vWr0Ig/1NKuWRKf7j5aaYSg==}
    engines: {node: '>=6'}
    dependencies:
      mimic-fn: 2.1.0
    dev: false

  /ora@8.0.1:
    resolution: {integrity: sha512-ANIvzobt1rls2BDny5fWZ3ZVKyD6nscLvfFRpQgfWsythlcsVUC9kL0zq6j2Z5z9wwp1kd7wpsD/T9qNPVLCaQ==}
    engines: {node: '>=18'}
    dependencies:
      chalk: 5.3.0
      cli-cursor: 4.0.0
      cli-spinners: 2.9.2
      is-interactive: 2.0.0
      is-unicode-supported: 2.0.0
      log-symbols: 6.0.0
      stdin-discarder: 0.2.2
      string-width: 7.1.0
      strip-ansi: 7.1.0
    dev: false

  /path-key@3.1.1:
    resolution: {integrity: sha512-ojmeN0qd+y0jszEtoY48r0Peq5dwMEkIlCOu6Q5f41lfkswXuKtYrhgoTpLnyIcHm24Uhqx+5Tqm2InSwLhE6Q==}
    engines: {node: '>=8'}
    dev: false

  /picocolors@1.0.0:
    resolution: {integrity: sha512-1fygroTLlHu66zi26VoTDv8yRgm0Fccecssto+MhsZ0D/DGW2sm8E8AjW7NU5VVTRt5GxbeZ5qBuJr+HyLYkjQ==}
    dev: false

  /postcss@8.4.31:
    resolution: {integrity: sha512-PS08Iboia9mts/2ygV3eLpY5ghnUcfLV/EXTOW1E2qYxJKGGBUtNjN76FYHnMs36RmARn41bC0AZmn+rR0OVpQ==}
    engines: {node: ^10 || ^12 || >=14}
    dependencies:
      nanoid: 3.3.7
      picocolors: 1.0.0
      source-map-js: 1.2.0
    dev: false

  /potpack@1.0.2:
    resolution: {integrity: sha512-choctRBIV9EMT9WGAZHn3V7t0Z2pMQyl0EZE6pFc/6ml3ssw7Dlf/oAOvFwjm1HVsqfQN8GfeFyJ+d8tRzqueQ==}
    dev: false

  /promise-worker-transferable@1.0.4:
    resolution: {integrity: sha512-bN+0ehEnrXfxV2ZQvU2PetO0n4gqBD4ulq3MI1WOPLgr7/Mg9yRQkX5+0v1vagr74ZTsl7XtzlaYDo2EuCeYJw==}
    dependencies:
      is-promise: 2.2.2
      lie: 3.3.0
    dev: false

  /prompts@2.4.2:
    resolution: {integrity: sha512-NxNv/kLguCA7p3jE8oL2aEBsrJWgAakBpgmgK6lpPWV+WuOmY6r2/zbAVnP+T8bQlA0nzHXSJSJW0Hq7ylaD2Q==}
    engines: {node: '>= 6'}
    dependencies:
      kleur: 3.0.3
      sisteransi: 1.0.5
    dev: false

  /prop-types@15.8.1:
    resolution: {integrity: sha512-oj87CgZICdulUohogVAR7AjlC0327U4el4L6eAvOqCeudMDVU0NThNaV+b9Df4dXgSP1gXMTnPdhfe/2qDH5cg==}
    dependencies:
      loose-envify: 1.4.0
      object-assign: 4.1.1
      react-is: 16.13.1
    dev: false

  /react-composer@5.0.3(react@18.2.0):
    resolution: {integrity: sha512-1uWd07EME6XZvMfapwZmc7NgCZqDemcvicRi3wMJzXsQLvZ3L7fTHVyPy1bZdnWXM4iPjYuNE+uJ41MLKeTtnA==}
    peerDependencies:
      react: ^15.0.0 || ^16.0.0 || ^17.0.0 || ^18.0.0
    dependencies:
      prop-types: 15.8.1
      react: 18.2.0
    dev: false

  /react-dom@18.2.0(react@18.2.0):
    resolution: {integrity: sha512-6IMTriUmvsjHUjNtEDudZfuDQUoWXVxKHhlEGSk81n4YFS+r/Kl99wXiwlVXtPBtJenozv2P+hxDsw9eA7Xo6g==}
    peerDependencies:
      react: ^18.2.0
    dependencies:
      loose-envify: 1.4.0
      react: 18.2.0
      scheduler: 0.23.0
    dev: false

  /react-is@16.13.1:
    resolution: {integrity: sha512-24e6ynE2H+OKt4kqsOvNd8kBpV65zoxbA4BVsEOB3ARVWQki/DHzaUoC5KuON/BiccDaCCTZBuOcfZs70kR8bQ==}
    dev: false

  /react-reconciler@0.27.0(react@18.2.0):
    resolution: {integrity: sha512-HmMDKciQjYmBRGuuhIaKA1ba/7a+UsM5FzOZsMO2JYHt9Jh8reCb7j1eDC95NOyUlKM9KRyvdx0flBuDvYSBoA==}
    engines: {node: '>=0.10.0'}
    peerDependencies:
      react: ^18.0.0
    dependencies:
      loose-envify: 1.4.0
      react: 18.2.0
      scheduler: 0.21.0
    dev: false

  /react-use-measure@2.1.1(react-dom@18.2.0)(react@18.2.0):
    resolution: {integrity: sha512-nocZhN26cproIiIduswYpV5y5lQpSQS1y/4KuvUCjSKmw7ZWIS/+g3aFnX3WdBkyuGUtTLif3UTqnLLhbDoQig==}
    peerDependencies:
      react: '>=16.13'
      react-dom: '>=16.13'
    dependencies:
      debounce: 1.2.1
      react: 18.2.0
      react-dom: 18.2.0(react@18.2.0)
    dev: false

  /react@18.2.0:
    resolution: {integrity: sha512-/3IjMdb2L9QbBdWiW5e3P2/npwMBaU9mHCSCUzNln0ZCYbcfTsGbTJrU/kGemdH2IWmB2ioZ+zkxtmq6g09fGQ==}
    engines: {node: '>=0.10.0'}
    dependencies:
      loose-envify: 1.4.0
    dev: false

  /regenerator-runtime@0.14.1:
    resolution: {integrity: sha512-dYnhHh0nJoMfnkZs6GmmhFknAGRrLznOu5nc9ML+EJxGvrx6H7teuevqVqCuPcPK//3eDrrjQhehXVx9cnkGdw==}
    dev: false

  /require-from-string@2.0.2:
    resolution: {integrity: sha512-Xf0nWe6RseziFMu+Ap9biiUbmplq6S9/p+7w7YXP/JBHhrUDDUhwa+vANyubuqfZWTveU//DYVGsDG7RKL/vEw==}
    engines: {node: '>=0.10.0'}
    dev: false

  /restore-cursor@4.0.0:
    resolution: {integrity: sha512-I9fPXU9geO9bHOt9pHHOhOkYerIMsmVaWB0rA2AI9ERh/+x/i7MV5HKBNrg+ljO5eoPVgCcnFuRjJ9uH6I/3eg==}
    engines: {node: ^12.20.0 || ^14.13.1 || >=16.0.0}
    dependencies:
      onetime: 5.1.2
      signal-exit: 3.0.7
    dev: false

  /scheduler@0.21.0:
    resolution: {integrity: sha512-1r87x5fz9MXqswA2ERLo0EbOAU74DpIUO090gIasYTqlVoJeMcl+Z1Rg7WHz+qtPujhS/hGIt9kxZOYBV3faRQ==}
    dependencies:
      loose-envify: 1.4.0
    dev: false

  /scheduler@0.23.0:
    resolution: {integrity: sha512-CtuThmgHNg7zIZWAXi3AsyIzA3n4xx7aNyjwC2VJldO2LMVDhFK+63xGqq6CsJH4rTAt6/M+N4GhZiDYPx9eUw==}
    dependencies:
      loose-envify: 1.4.0
    dev: false

  /shebang-command@2.0.0:
    resolution: {integrity: sha512-kHxr2zZpYtdmrN1qDjrrX/Z1rR1kG8Dx+gkpK1G4eXmvXswmcE1hTWBWYUzlraYw1/yZp6YuDY77YtvbN0dmDA==}
    engines: {node: '>=8'}
    dependencies:
      shebang-regex: 3.0.0
    dev: false

  /shebang-regex@3.0.0:
    resolution: {integrity: sha512-7++dFhtcx3353uBaq8DDR4NuxBetBzC7ZQOhmTQInHEd6bSrXdiEyzCvG07Z44UYdLShWUyXt5M/yhz8ekcb1A==}
    engines: {node: '>=8'}
    dev: false

  /signal-exit@3.0.7:
    resolution: {integrity: sha512-wnD2ZE+l+SPC/uoS0vXeE9L1+0wuaMqKlfz9AMUo38JsyLSBWSFcHR1Rri62LZc12vLr1gb3jl7iwQhgwpAbGQ==}
    dev: false

  /sisteransi@1.0.5:
    resolution: {integrity: sha512-bLGGlR1QxBcynn2d5YmDX4MGjlZvy2MRBDRNHLJ8VI6l6+9FUiyTFNJ0IveOSP0bcXgVDPRcfGqA0pjaqUpfVg==}
    dev: false

  /source-map-js@1.2.0:
    resolution: {integrity: sha512-itJW8lvSA0TXEphiRoawsCksnlf8SyvmFzIhltqAHluXd88pkCd+cXJVHTDwdCr0IzwptSm035IHQktUu1QUMg==}
    engines: {node: '>=0.10.0'}
    dev: false

  /stats-gl@2.2.8:
    resolution: {integrity: sha512-94G5nZvduDmzxBS7K0lYnynYwreZpkknD8g5dZmU6mpwIhy3caCrjAm11Qm1cbyx7mqix7Fp00RkbsonzKWnoQ==}
    dependencies:
      '@types/three': 0.163.0
    dev: false

  /stats.js@0.17.0:
    resolution: {integrity: sha512-hNKz8phvYLPEcRkeG1rsGmV5ChMjKDAWU7/OJJdDErPBNChQXxCo3WZurGpnWc6gZhAzEPFad1aVgyOANH1sMw==}
    dev: false

  /stdin-discarder@0.2.2:
    resolution: {integrity: sha512-UhDfHmA92YAlNnCfhmq0VeNL5bDbiZGg7sZ2IvPsXubGkiNa9EC+tUTsjBRsYUAz87btI6/1wf4XoVvQ3uRnmQ==}
    engines: {node: '>=18'}
    dev: false

  /streamsearch@1.1.0:
    resolution: {integrity: sha512-Mcc5wHehp9aXz1ax6bZUyY5afg9u2rv5cqQI3mRrYkGC8rW2hM02jWuwjtL++LS5qinSyhj2QfLyNsuc+VsExg==}
    engines: {node: '>=10.0.0'}
    dev: false

  /string-width@7.1.0:
    resolution: {integrity: sha512-SEIJCWiX7Kg4c129n48aDRwLbFb2LJmXXFrWBG4NGaRtMQ3myKPKbwrD1BKqQn74oCoNMBVrfDEr5M9YxCsrkw==}
    engines: {node: '>=18'}
    dependencies:
      emoji-regex: 10.3.0
      get-east-asian-width: 1.2.0
      strip-ansi: 7.1.0
    dev: false

  /strip-ansi@7.1.0:
    resolution: {integrity: sha512-iq6eVVI64nQQTRYq2KtEg2d2uU7LElhTJwsH4YzIHZshxlgZms/wIc4VoDQTlG/IvVIrBKG06CrZnp0qv7hkcQ==}
    engines: {node: '>=12'}
    dependencies:
      ansi-regex: 6.0.1
    dev: false

  /styled-jsx@5.1.1(react@18.2.0):
    resolution: {integrity: sha512-pW7uC1l4mBZ8ugbiZrcIsiIvVx1UmTfw7UkC3Um2tmfUq9Bhk8IiyEIPl6F8agHgjzku6j0xQEZbfA5uSgSaCw==}
    engines: {node: '>= 12.0.0'}
    peerDependencies:
      '@babel/core': '*'
      babel-plugin-macros: '*'
      react: '>= 16.8.0 || 17.x.x || ^18.0.0-0'
    peerDependenciesMeta:
      '@babel/core':
        optional: true
      babel-plugin-macros:
        optional: true
    dependencies:
      client-only: 0.0.1
      react: 18.2.0
    dev: false

  /suspend-react@0.1.3(react@18.2.0):
    resolution: {integrity: sha512-aqldKgX9aZqpoDp3e8/BZ8Dm7x1pJl+qI3ZKxDN0i/IQTWUwBx/ManmlVJ3wowqbno6c2bmiIfs+Um6LbsjJyQ==}
    peerDependencies:
      react: '>=17.0'
    dependencies:
      react: 18.2.0
    dev: false

  /three-mesh-bvh@0.7.3(three@0.163.0):
    resolution: {integrity: sha512-3W6KjzmupjfE89GuHPT31kxKWZ4YGZPEZJNysJpiOZfQRsBQQgmK7v/VJPpjG6syhAvTnY+5Fr77EvIkTLpGSw==}
    peerDependencies:
      three: '>= 0.151.0'
    dependencies:
      three: 0.163.0
    dev: false

  /three-stdlib@2.29.6(three@0.163.0):
    resolution: {integrity: sha512-nj9bHkzhhwfmqQcM/keC2RDb0bHhbw6bRXTy81ehzi8F1rtp6pJ5eS0/vl1Eg5RMFqXOMyxJ6sDHPoLU+IrVZg==}
    peerDependencies:
      three: '>=0.128.0'
    dependencies:
      '@types/draco3d': 1.4.9
      '@types/offscreencanvas': 2019.7.3
      '@types/webxr': 0.5.15
      draco3d: 1.5.7
      fflate: 0.6.10
      potpack: 1.0.2
      three: 0.163.0
    dev: false

  /three@0.163.0:
    resolution: {integrity: sha512-HlMgCb2TF/dTLRtknBnjUTsR8FsDqBY43itYop2+Zg822I+Kd0Ua2vs8CvfBVefXkBdNDrLMoRTGCIIpfCuDew==}
    dev: false

  /troika-three-text@0.49.0(three@0.163.0):
    resolution: {integrity: sha512-sn9BNC6eIX8OO3iAkPwjecJ7Pn21Ve8P1UNFMNeQzXx759rrqS4i4pSZs7FLMYdWyCKVXBFGimBySFwRKLjq/Q==}
    peerDependencies:
      three: '>=0.125.0'
    dependencies:
      bidi-js: 1.0.3
      three: 0.163.0
      troika-three-utils: 0.49.0(three@0.163.0)
      troika-worker-utils: 0.49.0
      webgl-sdf-generator: 1.1.1
    dev: false

  /troika-three-utils@0.49.0(three@0.163.0):
    resolution: {integrity: sha512-umitFL4cT+Fm/uONmaQEq4oZlyRHWwVClaS6ZrdcueRvwc2w+cpNQ47LlJKJswpqtMFWbEhOLy0TekmcPZOdYA==}
    peerDependencies:
      three: '>=0.125.0'
    dependencies:
      three: 0.163.0
    dev: false

  /troika-worker-utils@0.49.0:
    resolution: {integrity: sha512-1xZHoJrG0HFfCvT/iyN41DvI/nRykiBtHqFkGaGgJwq5iXfIZFBiPPEHFpPpgyKM3Oo5ITHXP5wM2TNQszYdVg==}
    dev: false

  /tslib@2.6.2:
    resolution: {integrity: sha512-AEYxH93jGFPn/a2iVAwW87VuUIkR1FVUKB77NwMF7nBTDkDrrT/Hpt/IrCJ0QXhW27jTBDcf5ZY7w6RiqTMw2Q==}
    dev: false

  /tunnel-rat@0.1.2(@types/react@18.2.74)(react@18.2.0):
    resolution: {integrity: sha512-lR5VHmkPhzdhrM092lI2nACsLO4QubF0/yoOhzX7c+wIpbN1GjHNzCc91QlpxBi+cnx8vVJ+Ur6vL5cEoQPFpQ==}
    dependencies:
      zustand: 4.5.2(@types/react@18.2.74)(react@18.2.0)
    transitivePeerDependencies:
      - '@types/react'
      - immer
      - react
    dev: false

  /typescript@5.4.4:
    resolution: {integrity: sha512-dGE2Vv8cpVvw28v8HCPqyb08EzbBURxDpuhJvTrusShUfGnhHBafDsLdS1EhhxyL6BJQE+2cT3dDPAv+MQ6oLw==}
    engines: {node: '>=14.17'}
    hasBin: true
    dev: true

  /undici-types@5.26.5:
    resolution: {integrity: sha512-JlCMO+ehdEIKqlFxk6IfVoAUVmgz7cU7zD/h9XZ0qzeosSHmUJVOzSQvvYSYWXkFXC+IfLKSIffhv0sVZup6pA==}
    dev: true

  /use-sync-external-store@1.2.0(react@18.2.0):
    resolution: {integrity: sha512-eEgnFxGQ1Ife9bzYs6VLi8/4X6CObHMw9Qr9tPY43iKwsPw8xE8+EFsf/2cFZ5S3esXgpWgtSCtLNS41F+sKPA==}
    peerDependencies:
      react: ^16.8.0 || ^17.0.0 || ^18.0.0
    dependencies:
      react: 18.2.0
    dev: false

  /utility-types@3.11.0:
    resolution: {integrity: sha512-6Z7Ma2aVEWisaL6TvBCy7P8rm2LQoPv6dJ7ecIaIixHcwfbJ0x7mWdbcwlIM5IGQxPZSFYeqRCqlOOeKoJYMkw==}
    engines: {node: '>= 4'}
    dev: false

  /uuid@9.0.1:
    resolution: {integrity: sha512-b+1eJOlsR9K8HJpow9Ok3fiWOWSIcIzXodvv0rQjVoOVNpWMpxf1wZNpt4y9h10odCNrqnYp1OBzRktckBe3sA==}
    hasBin: true
    dev: false

  /webgl-constants@1.1.1:
    resolution: {integrity: sha512-LkBXKjU5r9vAW7Gcu3T5u+5cvSvh5WwINdr0C+9jpzVB41cjQAP5ePArDtk/WHYdVj0GefCgM73BA7FlIiNtdg==}
    dev: false

  /webgl-sdf-generator@1.1.1:
    resolution: {integrity: sha512-9Z0JcMTFxeE+b2x1LJTdnaT8rT8aEp7MVxkNwoycNmJWwPdzoXzMh0BjJSh/AEFP+KPYZUli814h8bJZFIZ2jA==}
    dev: false

  /which@2.0.2:
    resolution: {integrity: sha512-BLI3Tl1TW3Pvl70l3yq3Y64i+awpwXqsGBYWkkqMtnbXgrMD+yj7rhW0kuEDxzJaYXGjEW5ogapKNMEKNMjibA==}
    engines: {node: '>= 8'}
    hasBin: true
    dependencies:
      isexe: 2.0.0
    dev: false

  /yoga-layout@3.0.2:
    resolution: {integrity: sha512-/QSkaNPadLnnBbKoN2Pk36bihWO9b8herZ4nkry/h51KGnKb1CliASdeTmio9wVXmzecqnrfaf9aPIb+GTwLCg==}
    dev: false

  /zod@3.22.4:
    resolution: {integrity: sha512-iC+8Io04lddc+mVqQ9AZ7OQ2MrUKGN+oIQyq1vemgt46jwCwLfhq7/pwnBnNXXXZb8VTVLKwp9EDkx+ryxIWmg==}
    dev: false

  /zustand@3.7.2(react@18.2.0):
    resolution: {integrity: sha512-PIJDIZKtokhof+9+60cpockVOq05sJzHCriyvaLBmEJixseQ1a5Kdov6fWZfWOu5SK9c+FhH1jU0tntLxRJYMA==}
    engines: {node: '>=12.7.0'}
    peerDependencies:
      react: '>=16.8'
    peerDependenciesMeta:
      react:
        optional: true
    dependencies:
      react: 18.2.0
    dev: false

  /zustand@4.5.2(@types/react@18.2.74)(react@18.2.0):
    resolution: {integrity: sha512-2cN1tPkDVkwCy5ickKrI7vijSjPksFRfqS6237NzT0vqSsztTNnQdHw9mmN7uBdk3gceVXU0a+21jFzFzAc9+g==}
    engines: {node: '>=12.7.0'}
    peerDependencies:
      '@types/react': '>=16.8'
      immer: '>=9.0.6'
      react: '>=16.8'
    peerDependenciesMeta:
      '@types/react':
        optional: true
      immer:
        optional: true
      react:
        optional: true
    dependencies:
      '@types/react': 18.2.74
      react: 18.2.0
      use-sync-external-store: 1.2.0(react@18.2.0)
    dev: false
